
Microsoft Visual Studio Solution File, Format Version 12.00
# Visual Studio 14
VisualStudioVersion = 14.0.25420.1
MinimumVisualStudioVersion = 10.0.40219.1
Project("{FAE04EC0-301F-11D3-BF4B-00C04F79EFBC}") = "LdapSso.Services", "LdapSso.Services\LdapSso.Services.csproj", "{25811F03-3D10-4337-9760-62EB86B1F886}"
EndProject
Project("{FAE04EC0-301F-11D3-BF4B-00C04F79EFBC}") = "LdapSso.Web", "LdapSso.Web\LdapSso.Web.csproj", "{46864A01-C171-4D63-8FC8-0D6546B6C7A8}"
	ProjectSection(ProjectDependencies) = postProject
		{25811F03-3D10-4337-9760-62EB86B1F886} = {25811F03-3D10-4337-9760-62EB86B1F886}
	EndProjectSection
EndProject
Project("{FAE04EC0-301F-11D3-BF4B-00C04F79EFBC}") = "LdapSso.DataAccess", "LdapSso.DataAccess\LdapSso.DataAccess.csproj", "{CDF6D7A9-6ED6-40DC-933D-6938E9CF96E6}"
EndProject
Project("{FAE04EC0-301F-11D3-BF4B-00C04F79EFBC}") = "LdapSso.DirectoryAccess", "LdapSso.DirectoryAccess\LdapSso.DirectoryAccess.csproj", "{47F64BEE-3507-41B9-ACA4-D55C05A714DC}"
EndProject
Project("{FAE04EC0-301F-11D3-BF4B-00C04F79EFBC}") = "LdapSso.Utility", "LdapSso.Utility\LdapSso.Utility.csproj", "{AD8683EA-2866-4257-AF86-7371DB8C237B}"
EndProject
Project("{FAE04EC0-301F-11D3-BF4B-00C04F79EFBC}") = "LdapSso.Modules", "LdapSso.Modules\LdapSso.Modules.csproj", "{216DDFE4-69B8-4767-A828-B1A0DB353794}"
	ProjectSection(ProjectDependencies) = postProject
		{25811F03-3D10-4337-9760-62EB86B1F886} = {25811F03-3D10-4337-9760-62EB86B1F886}
	EndProjectSection
EndProject
Project("{FAE04EC0-301F-11D3-BF4B-00C04F79EFBC}") = "LdapSso.TestApplication1", "LdapSso.TestApplication1\LdapSso.TestApplication1.csproj", "{C1E47530-4808-4330-B3C8-C744B28449BC}"
EndProject
Project("{FAE04EC0-301F-11D3-BF4B-00C04F79EFBC}") = "LdapSso.TestApplication2", "LdapSso.TestApplication2\LdapSso.TestApplication2.csproj", "{BAEB2FB0-D793-4555-AF6D-5B968754A829}"
EndProject
Project("{2150E333-8FDC-42A3-9474-1A3956D46DE8}") = "DataAccess", "DataAccess", "{EC016A34-688F-40BB-900E-4FBC81165520}"
EndProject
Project("{2150E333-8FDC-42A3-9474-1A3956D46DE8}") = "ActiveDirectory", "ActiveDirectory", "{58871060-849A-4D2B-BFA4-BBE68F51E2C8}"
EndProject
Project("{2150E333-8FDC-42A3-9474-1A3956D46DE8}") = "HttpModules", "HttpModules", "{1B449827-EAD4-4146-80DC-4F0EBF30FCF2}"
EndProject
Project("{2150E333-8FDC-42A3-9474-1A3956D46DE8}") = "Services", "Services", "{F2235DC7-C010-4467-9EDB-C7FBF61CAFCC}"
EndProject
Project("{2150E333-8FDC-42A3-9474-1A3956D46DE8}") = "Utility", "Utility", "{0DE2F0A6-6B09-45CD-9A16-9B9D7188AAB2}"
EndProject
Project("{2150E333-8FDC-42A3-9474-1A3956D46DE8}") = "TestApplications", "TestApplications", "{2879A044-8380-426C-925D-E9C22DE4FD8C}"
EndProject
Project("{2150E333-8FDC-42A3-9474-1A3956D46DE8}") = "UnitTests", "UnitTests", "{86667442-B1D7-4956-9850-0721C73419E1}"
EndProject
Project("{FAE04EC0-301F-11D3-BF4B-00C04F79EFBC}") = "LdapSso.Services.Tests", "LdapSso.Services.Tests\LdapSso.Services.Tests.csproj", "{4C7FE601-F4C4-4D1E-B723-5FC8F637C4EC}"
EndProject
Project("{FAE04EC0-301F-11D3-BF4B-00C04F79EFBC}") = "LdapSso.DataAccess.Tests", "LdapSso.DataAccess.Tests\LdapSso.DataAccess.Tests.csproj", "{C2817579-0DA0-40EA-90C9-5D48EAE0CB00}"
EndProject
Project("{FAE04EC0-301F-11D3-BF4B-00C04F79EFBC}") = "LdapSso.DirectoryAccess.Tests", "LdapSso.DirectoryAccess.Tests\LdapSso.DirectoryAccess.Tests.csproj", "{AFD7F4BC-E281-4821-A235-09DE1A67B46D}"
EndProject
Project("{FAE04EC0-301F-11D3-BF4B-00C04F79EFBC}") = "LdapSso.Modules.Tests", "LdapSso.Modules.Tests\LdapSso.Modules.Tests.csproj", "{E3FBE7CE-EFA5-4D81-A214-82693A09B788}"
EndProject
Global
	GlobalSection(SolutionConfigurationPlatforms) = preSolution
		Debug|Any CPU = Debug|Any CPU
		Release|Any CPU = Release|Any CPU
	EndGlobalSection
	GlobalSection(ProjectConfigurationPlatforms) = postSolution
		{25811F03-3D10-4337-9760-62EB86B1F886}.Debug|Any CPU.ActiveCfg = Debug|Any CPU
		{25811F03-3D10-4337-9760-62EB86B1F886}.Debug|Any CPU.Build.0 = Debug|Any CPU
		{25811F03-3D10-4337-9760-62EB86B1F886}.Release|Any CPU.ActiveCfg = Release|Any CPU
		{25811F03-3D10-4337-9760-62EB86B1F886}.Release|Any CPU.Build.0 = Release|Any CPU
		{46864A01-C171-4D63-8FC8-0D6546B6C7A8}.Debug|Any CPU.ActiveCfg = Debug|Any CPU
		{46864A01-C171-4D63-8FC8-0D6546B6C7A8}.Debug|Any CPU.Build.0 = Debug|Any CPU
		{46864A01-C171-4D63-8FC8-0D6546B6C7A8}.Release|Any CPU.ActiveCfg = Release|Any CPU
		{46864A01-C171-4D63-8FC8-0D6546B6C7A8}.Release|Any CPU.Build.0 = Release|Any CPU
		{CDF6D7A9-6ED6-40DC-933D-6938E9CF96E6}.Debug|Any CPU.ActiveCfg = Debug|Any CPU
		{CDF6D7A9-6ED6-40DC-933D-6938E9CF96E6}.Debug|Any CPU.Build.0 = Debug|Any CPU
		{CDF6D7A9-6ED6-40DC-933D-6938E9CF96E6}.Release|Any CPU.ActiveCfg = Release|Any CPU
		{CDF6D7A9-6ED6-40DC-933D-6938E9CF96E6}.Release|Any CPU.Build.0 = Release|Any CPU
		{47F64BEE-3507-41B9-ACA4-D55C05A714DC}.Debug|Any CPU.ActiveCfg = Debug|Any CPU
		{47F64BEE-3507-41B9-ACA4-D55C05A714DC}.Debug|Any CPU.Build.0 = Debug|Any CPU
		{47F64BEE-3507-41B9-ACA4-D55C05A714DC}.Release|Any CPU.ActiveCfg = Release|Any CPU
		{47F64BEE-3507-41B9-ACA4-D55C05A714DC}.Release|Any CPU.Build.0 = Release|Any CPU
		{AD8683EA-2866-4257-AF86-7371DB8C237B}.Debug|Any CPU.ActiveCfg = Debug|Any CPU
		{AD8683EA-2866-4257-AF86-7371DB8C237B}.Debug|Any CPU.Build.0 = Debug|Any CPU
		{AD8683EA-2866-4257-AF86-7371DB8C237B}.Release|Any CPU.ActiveCfg = Release|Any CPU
		{AD8683EA-2866-4257-AF86-7371DB8C237B}.Release|Any CPU.Build.0 = Release|Any CPU
		{216DDFE4-69B8-4767-A828-B1A0DB353794}.Debug|Any CPU.ActiveCfg = Debug|Any CPU
		{216DDFE4-69B8-4767-A828-B1A0DB353794}.Debug|Any CPU.Build.0 = Debug|Any CPU
		{216DDFE4-69B8-4767-A828-B1A0DB353794}.Release|Any CPU.ActiveCfg = Release|Any CPU
		{216DDFE4-69B8-4767-A828-B1A0DB353794}.Release|Any CPU.Build.0 = Release|Any CPU
		{C1E47530-4808-4330-B3C8-C744B28449BC}.Debug|Any CPU.ActiveCfg = Debug|Any CPU
		{C1E47530-4808-4330-B3C8-C744B28449BC}.Debug|Any CPU.Build.0 = Debug|Any CPU
		{C1E47530-4808-4330-B3C8-C744B28449BC}.Release|Any CPU.ActiveCfg = Release|Any CPU
		{C1E47530-4808-4330-B3C8-C744B28449BC}.Release|Any CPU.Build.0 = Release|Any CPU
		{BAEB2FB0-D793-4555-AF6D-5B968754A829}.Debug|Any CPU.ActiveCfg = Debug|Any CPU
		{BAEB2FB0-D793-4555-AF6D-5B968754A829}.Debug|Any CPU.Build.0 = Debug|Any CPU
		{BAEB2FB0-D793-4555-AF6D-5B968754A829}.Release|Any CPU.ActiveCfg = Release|Any CPU
		{BAEB2FB0-D793-4555-AF6D-5B968754A829}.Release|Any CPU.Build.0 = Release|Any CPU
		{4C7FE601-F4C4-4D1E-B723-5FC8F637C4EC}.Debug|Any CPU.ActiveCfg = Debug|Any CPU
		{4C7FE601-F4C4-4D1E-B723-5FC8F637C4EC}.Debug|Any CPU.Build.0 = Debug|Any CPU
		{4C7FE601-F4C4-4D1E-B723-5FC8F637C4EC}.Release|Any CPU.ActiveCfg = Release|Any CPU
		{4C7FE601-F4C4-4D1E-B723-5FC8F637C4EC}.Release|Any CPU.Build.0 = Release|Any CPU
		{C2817579-0DA0-40EA-90C9-5D48EAE0CB00}.Debug|Any CPU.ActiveCfg = Debug|Any CPU
		{C2817579-0DA0-40EA-90C9-5D48EAE0CB00}.Debug|Any CPU.Build.0 = Debug|Any CPU
		{C2817579-0DA0-40EA-90C9-5D48EAE0CB00}.Release|Any CPU.ActiveCfg = Release|Any CPU
		{C2817579-0DA0-40EA-90C9-5D48EAE0CB00}.Release|Any CPU.Build.0 = Release|Any CPU
		{AFD7F4BC-E281-4821-A235-09DE1A67B46D}.Debug|Any CPU.ActiveCfg = Debug|Any CPU
		{AFD7F4BC-E281-4821-A235-09DE1A67B46D}.Debug|Any CPU.Build.0 = Debug|Any CPU
		{AFD7F4BC-E281-4821-A235-09DE1A67B46D}.Release|Any CPU.ActiveCfg = Release|Any CPU
		{AFD7F4BC-E281-4821-A235-09DE1A67B46D}.Release|Any CPU.Build.0 = Release|Any CPU
		{E3FBE7CE-EFA5-4D81-A214-82693A09B788}.Debug|Any CPU.ActiveCfg = Debug|Any CPU
		{E3FBE7CE-EFA5-4D81-A214-82693A09B788}.Debug|Any CPU.Build.0 = Debug|Any CPU
		{E3FBE7CE-EFA5-4D81-A214-82693A09B788}.Release|Any CPU.ActiveCfg = Release|Any CPU
		{E3FBE7CE-EFA5-4D81-A214-82693A09B788}.Release|Any CPU.Build.0 = Release|Any CPU
	EndGlobalSection
	GlobalSection(SolutionProperties) = preSolution
		HideSolutionNode = FALSE
	EndGlobalSection
	GlobalSection(NestedProjects) = preSolution
		{25811F03-3D10-4337-9760-62EB86B1F886} = {F2235DC7-C010-4467-9EDB-C7FBF61CAFCC}
		{CDF6D7A9-6ED6-40DC-933D-6938E9CF96E6} = {EC016A34-688F-40BB-900E-4FBC81165520}
		{47F64BEE-3507-41B9-ACA4-D55C05A714DC} = {58871060-849A-4D2B-BFA4-BBE68F51E2C8}
		{AD8683EA-2866-4257-AF86-7371DB8C237B} = {0DE2F0A6-6B09-45CD-9A16-9B9D7188AAB2}
		{216DDFE4-69B8-4767-A828-B1A0DB353794} = {1B449827-EAD4-4146-80DC-4F0EBF30FCF2}
		{C1E47530-4808-4330-B3C8-C744B28449BC} = {2879A044-8380-426C-925D-E9C22DE4FD8C}
		{BAEB2FB0-D793-4555-AF6D-5B968754A829} = {2879A044-8380-426C-925D-E9C22DE4FD8C}
		{4C7FE601-F4C4-4D1E-B723-5FC8F637C4EC} = {86667442-B1D7-4956-9850-0721C73419E1}
		{C2817579-0DA0-40EA-90C9-5D48EAE0CB00} = {86667442-B1D7-4956-9850-0721C73419E1}
		{AFD7F4BC-E281-4821-A235-09DE1A67B46D} = {86667442-B1D7-4956-9850-0721C73419E1}
		{E3FBE7CE-EFA5-4D81-A214-82693A09B788} = {86667442-B1D7-4956-9850-0721C73419E1}
	EndGlobalSection
EndGlobal
